Microsoft Visual Studio Solution File, Format Version 12.00
# Visual Studio Version 17
VisualStudioVersion = 17.5.2.0
MinimumVisualStudioVersion = 10.0.40219.1
Project("{FAE04EC0-301F-11D3-BF4B-00C04F79EFBC}") = "test", "BasicNonCompliant\test.csproj", "{7606D109-B6EC-B6F4-EFAA-117571FBA98F}"
EndProject
Project("{2150E333-8FDC-42A3-9474-1A3956D46DE8}") = "NugetNoclear", "NugetNoclear", "{B5883D23-E25F-6BA3-AE0A-8D04D903A9AA}"
EndProject
Project("{2150E333-8FDC-42A3-9474-1A3956D46DE8}") = "NugetNonAA", "NugetNonAA", "{F447DBA8-E8A6-BD81-7B9C-06020554DEB4}"
EndProject
Project("{FAE04EC0-301F-11D3-BF4B-00C04F79EFBC}") = "test", "NugetNoclear\subfolder\test.csproj", "{6E4CAA06-28B4-9B45-71AD-47FD068E5B0A}"
EndProject
Project("{FAE04EC0-301F-11D3-BF4B-00C04F79EFBC}") = "test", "NugetNonAA\subfolder\test.csproj", "{ADA7715A-E786-06B6-B405-0E4A6517CF78}"
EndProject
Global
	GlobalSection(SolutionConfigurationPlatforms) = preSolution
		Debug|Any CPU = Debug|Any CPU
		Release|Any CPU = Release|Any CPU
	EndGlobalSection
	GlobalSection(ProjectConfigurationPlatforms) = postSolution
		{7606D109-B6EC-B6F4-EFAA-117571FBA98F}.Debug|Any CPU.ActiveCfg = Debug|Any CPU
		{7606D109-B6EC-B6F4-EFAA-117571FBA98F}.Debug|Any CPU.Build.0 = Debug|Any CPU
		{7606D109-B6EC-B6F4-EFAA-117571FBA98F}.Release|Any CPU.ActiveCfg = Release|Any CPU
		{7606D109-B6EC-B6F4-EFAA-117571FBA98F}.Release|Any CPU.Build.0 = Release|Any CPU
		{6E4CAA06-28B4-9B45-71AD-47FD068E5B0A}.Debug|Any CPU.ActiveCfg = Debug|Any CPU
		{6E4CAA06-28B4-9B45-71AD-47FD068E5B0A}.Debug|Any CPU.Build.0 = Debug|Any CPU
		{6E4CAA06-28B4-9B45-71AD-47FD068E5B0A}.Release|Any CPU.ActiveCfg = Release|Any CPU
		{6E4CAA06-28B4-9B45-71AD-47FD068E5B0A}.Release|Any CPU.Build.0 = Release|Any CPU
		{ADA7715A-E786-06B6-B405-0E4A6517CF78}.Debug|Any CPU.ActiveCfg = Debug|Any CPU
		{ADA7715A-E786-06B6-B405-0E4A6517CF78}.Debug|Any CPU.Build.0 = Debug|Any CPU
		{ADA7715A-E786-06B6-B405-0E4A6517CF78}.Release|Any CPU.ActiveCfg = Release|Any CPU
		{ADA7715A-E786-06B6-B405-0E4A6517CF78}.Release|Any CPU.Build.0 = Release|Any CPU
	EndGlobalSection
	GlobalSection(SolutionProperties) = preSolution
		HideSolutionNode = FALSE
	EndGlobalSection
	GlobalSection(NestedProjects) = preSolution
		{6E4CAA06-28B4-9B45-71AD-47FD068E5B0A} = {B5883D23-E25F-6BA3-AE0A-8D04D903A9AA}
		{ADA7715A-E786-06B6-B405-0E4A6517CF78} = {F447DBA8-E8A6-BD81-7B9C-06020554DEB4}
	EndGlobalSection
	GlobalSection(ExtensibilityGlobals) = postSolution
		SolutionGuid = {971B9430-1F43-4BB7-9252-88A5B7317AD3}
	EndGlobalSection
EndGlobal
